{
  "pins" : [
    {
      "identity" : "swift-log",
      "kind" : "remoteSourceControl",
      "location" : "https://github.com/apple/swift-log.git",
      "state" : {
        "revision" : "6fe203dc33195667ce1759bf0182975e4653ba1c",
        "version" : "1.4.4"
      }
    },
    {
      "identity" : "swiftyxmlparser",
      "kind" : "remoteSourceControl",
      "location" : "https://github.com/yahoojapan/SwiftyXMLParser.git",
      "state" : {
        "revision" : "d7a1d23f04c86c1cd2e8f19247dd15d74e0ea8be",
        "version" : "5.6.0"
      }
    }
  ],
  "version" : 2
}
