// !$*UTF8*$!
{
	archiveVersion = 1;
	classes = {
	};
	objectVersion = 55;
	objects = {

/* Begin PBXBuildFile section */
		F9184C0828C1332000A5FF59 /* Launch Screen.storyboard in Resources */ = {isa = PBXBuildFile; fileRef = F9184C0728C1332000A5FF59 /* Launch Screen.storyboard */; };
		F9880B1B28B66A05006A4D77 /* CascadiaCrossingApp.swift in Sources */ = {isa = PBXBuildFile; fileRef = F9880B1A28B66A05006A4D77 /* CascadiaCrossingApp.swift */; };
		F9880B1F28B66A05006A4D77 /* Assets.xcassets in Resources */ = {isa = PBXBuildFile; fileRef = F9880B1E28B66A05006A4D77 /* Assets.xcassets */; };
		F9880B2228B66A05006A4D77 /* Preview Assets.xcassets in Resources */ = {isa = PBXBuildFile; fileRef = F9880B2128B66A05006A4D77 /* Preview Assets.xcassets */; };
		F9880B2C28B66A05006A4D77 /* CascadiaCrossingTests.swift in Sources */ = {isa = PBXBuildFile; fileRef = F9880B2B28B66A05006A4D77 /* CascadiaCrossingTests.swift */; };
		F9880B3628B66A06006A4D77 /* CascadiaCrossingUITests.swift in Sources */ = {isa = PBXBuildFile; fileRef = F9880B3528B66A06006A4D77 /* CascadiaCrossingUITests.swift */; };
		F9880B3828B66A06006A4D77 /* CascadiaCrossingUITestsLaunchTests.swift in Sources */ = {isa = PBXBuildFile; fileRef = F9880B3728B66A06006A4D77 /* CascadiaCrossingUITestsLaunchTests.swift */; };
		F9A5AB2F28C3AE7E00C6011A /* NetworkService.swift in Sources */ = {isa = PBXBuildFile; fileRef = F9A5AB2E28C3AE7E00C6011A /* NetworkService.swift */; };
		F9A5AB3128C3EB5C00C6011A /* AboutView.swift in Sources */ = {isa = PBXBuildFile; fileRef = F9A5AB3028C3EB5C00C6011A /* AboutView.swift */; };
		F9BF75F528BDAEEA004CBD33 /* MetricsView.swift in Sources */ = {isa = PBXBuildFile; fileRef = F9BF75F028BDAEEA004CBD33 /* MetricsView.swift */; };
		F9BF75F628BDAEEA004CBD33 /* MetricsViewModel.swift in Sources */ = {isa = PBXBuildFile; fileRef = F9BF75F128BDAEEA004CBD33 /* MetricsViewModel.swift */; };
		F9BF75FB28BDAF50004CBD33 /* Logging in Frameworks */ = {isa = PBXBuildFile; productRef = F9BF75FA28BDAF50004CBD33 /* Logging */; };
		F9BF75FE28BDAF67004CBD33 /* SwiftyXMLParser in Frameworks */ = {isa = PBXBuildFile; productRef = F9BF75FD28BDAF67004CBD33 /* SwiftyXMLParser */; };
		F9BF760428BEC47F004CBD33 /* Crossing.swift in Sources */ = {isa = PBXBuildFile; fileRef = F9BF760328BEC47F004CBD33 /* Crossing.swift */; };
		F9C2594A28C619AA00F7E72A /* Crossings.swift in Sources */ = {isa = PBXBuildFile; fileRef = F9C2594928C619AA00F7E72A /* Crossings.swift */; };
		F9C2594C28C626C200F7E72A /* SourceURLs.swift in Sources */ = {isa = PBXBuildFile; fileRef = F9C2594B28C626C200F7E72A /* SourceURLs.swift */; };
		F9C2594E28C62E7300F7E72A /* Ports.swift in Sources */ = {isa = PBXBuildFile; fileRef = F9C2594D28C62E7300F7E72A /* Ports.swift */; };
		F9C2595028C631EA00F7E72A /* Coordinates.swift in Sources */ = {isa = PBXBuildFile; fileRef = F9C2594F28C631EA00F7E72A /* Coordinates.swift */; };
/* End PBXBuildFile section */

/* Begin PBXContainerItemProxy section */
		F9880B2828B66A05006A4D77 /* PBXContainerItemProxy */ = {
			isa = PBXContainerItemProxy;
			containerPortal = F9880B0F28B66A05006A4D77 /* Project object */;
			proxyType = 1;
			remoteGlobalIDString = F9880B1628B66A05006A4D77;
			remoteInfo = CascadiaCrossing;
		};
		F9880B3228B66A06006A4D77 /* PBXContainerItemProxy */ = {
			isa = PBXContainerItemProxy;
			containerPortal = F9880B0F28B66A05006A4D77 /* Project object */;
			proxyType = 1;
			remoteGlobalIDString = F9880B1628B66A05006A4D77;
			remoteInfo = CascadiaCrossing;
		};
/* End PBXContainerItemProxy section */

/* Begin PBXFileReference section */
		F9184C0728C1332000A5FF59 /* Launch Screen.storyboard */ = {isa = PBXFileReference; lastKnownFileType = file.storyboard; path = "Launch Screen.storyboard"; sourceTree = "<group>"; };
		F9880B1728B66A05006A4D77 /* Crossing.app */ = {isa = PBXFileReference; explicitFileType = wrapper.application; includeInIndex = 0; path = Crossing.app; sourceTree = BUILT_PRODUCTS_DIR; };
		F9880B1A28B66A05006A4D77 /* CascadiaCrossingApp.swift */ = {isa = PBXFileReference; lastKnownFileType = sourcecode.swift; path = CascadiaCrossingApp.swift; sourceTree = "<group>"; };
		F9880B1E28B66A05006A4D77 /* Assets.xcassets */ = {isa = PBXFileReference; lastKnownFileType = folder.assetcatalog; path = Assets.xcassets; sourceTree = "<group>"; };
		F9880B2128B66A05006A4D77 /* Preview Assets.xcassets */ = {isa = PBXFileReference; lastKnownFileType = folder.assetcatalog; path = "Preview Assets.xcassets"; sourceTree = "<group>"; };
		F9880B2728B66A05006A4D77 /* CascadiaCrossingTests.xctest */ = {isa = PBXFileReference; explicitFileType = wrapper.cfbundle; includeInIndex = 0; path = CascadiaCrossingTests.xctest; sourceTree = BUILT_PRODUCTS_DIR; };
		F9880B2B28B66A05006A4D77 /* CascadiaCrossingTests.swift */ = {isa = PBXFileReference; lastKnownFileType = sourcecode.swift; path = CascadiaCrossingTests.swift; sourceTree = "<group>"; };
		F9880B3128B66A06006A4D77 /* CascadiaCrossingUITests.xctest */ = {isa = PBXFileReference; explicitFileType = wrapper.cfbundle; includeInIndex = 0; path = CascadiaCrossingUITests.xctest; sourceTree = BUILT_PRODUCTS_DIR; };
		F9880B3528B66A06006A4D77 /* CascadiaCrossingUITests.swift */ = {isa = PBXFileReference; lastKnownFileType = sourcecode.swift; path = CascadiaCrossingUITests.swift; sourceTree = "<group>"; };
		F9880B3728B66A06006A4D77 /* CascadiaCrossingUITestsLaunchTests.swift */ = {isa = PBXFileReference; lastKnownFileType = sourcecode.swift; path = CascadiaCrossingUITestsLaunchTests.swift; sourceTree = "<group>"; };
		F9A5AB2E28C3AE7E00C6011A /* NetworkService.swift */ = {isa = PBXFileReference; lastKnownFileType = sourcecode.swift; path = NetworkService.swift; sourceTree = "<group>"; };
		F9A5AB3028C3EB5C00C6011A /* AboutView.swift */ = {isa = PBXFileReference; lastKnownFileType = sourcecode.swift; path = AboutView.swift; sourceTree = "<group>"; };
		F9BF75F028BDAEEA004CBD33 /* MetricsView.swift */ = {isa = PBXFileReference; fileEncoding = 4; lastKnownFileType = sourcecode.swift; path = MetricsView.swift; sourceTree = "<group>"; };
		F9BF75F128BDAEEA004CBD33 /* MetricsViewModel.swift */ = {isa = PBXFileReference; fileEncoding = 4; lastKnownFileType = sourcecode.swift; path = MetricsViewModel.swift; sourceTree = "<group>"; };
		F9BF760328BEC47F004CBD33 /* Crossing.swift */ = {isa = PBXFileReference; lastKnownFileType = sourcecode.swift; path = Crossing.swift; sourceTree = "<group>"; };
		F9C2594928C619AA00F7E72A /* Crossings.swift */ = {isa = PBXFileReference; lastKnownFileType = sourcecode.swift; path = Crossings.swift; sourceTree = "<group>"; };
		F9C2594B28C626C200F7E72A /* SourceURLs.swift */ = {isa = PBXFileReference; lastKnownFileType = sourcecode.swift; path = SourceURLs.swift; sourceTree = "<group>"; };
		F9C2594D28C62E7300F7E72A /* Ports.swift */ = {isa = PBXFileReference; lastKnownFileType = sourcecode.swift; path = Ports.swift; sourceTree = "<group>"; };
		F9C2594F28C631EA00F7E72A /* Coordinates.swift */ = {isa = PBXFileReference; lastKnownFileType = sourcecode.swift; path = Coordinates.swift; sourceTree = "<group>"; };
		F9C2B5BD28BFF558004099A4 /* Info.plist */ = {isa = PBXFileReference; lastKnownFileType = text.plist; path = Info.plist; sourceTree = "<group>"; };
/* End PBXFileReference section */

/* Begin PBXFrameworksBuildPhase section */
		F9880B1428B66A05006A4D77 /* Frameworks */ = {
			isa = PBXFrameworksBuildPhase;
			buildActionMask = 2147483647;
			files = (
				F9BF75FB28BDAF50004CBD33 /* Logging in Frameworks */,
				F9BF75FE28BDAF67004CBD33 /* SwiftyXMLParser in Frameworks */,
			);
			runOnlyForDeploymentPostprocessing = 0;
		};
		F9880B2428B66A05006A4D77 /* Frameworks */ = {
			isa = PBXFrameworksBuildPhase;
			buildActionMask = 2147483647;
			files = (
			);
			runOnlyForDeploymentPostprocessing = 0;
		};
		F9880B2E28B66A06006A4D77 /* Frameworks */ = {
			isa = PBXFrameworksBuildPhase;
			buildActionMask = 2147483647;
			files = (
			);
			runOnlyForDeploymentPostprocessing = 0;
		};
/* End PBXFrameworksBuildPhase section */

/* Begin PBXGroup section */
		F9880B0E28B66A05006A4D77 = {
			isa = PBXGroup;
			children = (
				F9880B1928B66A05006A4D77 /* CascadiaCrossing */,
				F9880B2A28B66A05006A4D77 /* CascadiaCrossingTests */,
				F9880B3428B66A06006A4D77 /* CascadiaCrossingUITests */,
				F9880B1828B66A05006A4D77 /* Products */,
			);
			sourceTree = "<group>";
		};
		F9880B1828B66A05006A4D77 /* Products */ = {
			isa = PBXGroup;
			children = (
				F9880B1728B66A05006A4D77 /* Crossing.app */,
				F9880B2728B66A05006A4D77 /* CascadiaCrossingTests.xctest */,
				F9880B3128B66A06006A4D77 /* CascadiaCrossingUITests.xctest */,
			);
			name = Products;
			sourceTree = "<group>";
		};
		F9880B1928B66A05006A4D77 /* CascadiaCrossing */ = {
			isa = PBXGroup;
			children = (
				F9C2B5BD28BFF558004099A4 /* Info.plist */,
				F9880B1A28B66A05006A4D77 /* CascadiaCrossingApp.swift */,
				F9BF75F028BDAEEA004CBD33 /* MetricsView.swift */,
				F9BF75F128BDAEEA004CBD33 /* MetricsViewModel.swift */,
				F9A5AB3028C3EB5C00C6011A /* AboutView.swift */,
				F9A5AB2E28C3AE7E00C6011A /* NetworkService.swift */,
				F9C2595128C633CA00F7E72A /* Models */,
				F9880B1E28B66A05006A4D77 /* Assets.xcassets */,
				F9880B2028B66A05006A4D77 /* Preview Content */,
				F9184C0728C1332000A5FF59 /* Launch Screen.storyboard */,
			);
			path = CascadiaCrossing;
			sourceTree = "<group>";
		};
		F9880B2028B66A05006A4D77 /* Preview Content */ = {
			isa = PBXGroup;
			children = (
				F9880B2128B66A05006A4D77 /* Preview Assets.xcassets */,
			);
			path = "Preview Content";
			sourceTree = "<group>";
		};
		F9880B2A28B66A05006A4D77 /* CascadiaCrossingTests */ = {
			isa = PBXGroup;
			children = (
				F9880B2B28B66A05006A4D77 /* CascadiaCrossingTests.swift */,
			);
			path = CascadiaCrossingTests;
			sourceTree = "<group>";
		};
		F9880B3428B66A06006A4D77 /* CascadiaCrossingUITests */ = {
			isa = PBXGroup;
			children = (
				F9880B3528B66A06006A4D77 /* CascadiaCrossingUITests.swift */,
				F9880B3728B66A06006A4D77 /* CascadiaCrossingUITestsLaunchTests.swift */,
			);
			path = CascadiaCrossingUITests;
			sourceTree = "<group>";
		};
		F9C2595128C633CA00F7E72A /* Models */ = {
			isa = PBXGroup;
			children = (
				F9C2594D28C62E7300F7E72A /* Ports.swift */,
				F9C2594928C619AA00F7E72A /* Crossings.swift */,
				F9BF760328BEC47F004CBD33 /* Crossing.swift */,
				F9C2594F28C631EA00F7E72A /* Coordinates.swift */,
				F9C2594B28C626C200F7E72A /* SourceURLs.swift */,
			);
			path = Models;
			sourceTree = "<group>";
		};
/* End PBXGroup section */

/* Begin PBXNativeTarget section */
		F9880B1628B66A05006A4D77 /* CascadiaCrossing */ = {
			isa = PBXNativeTarget;
			buildConfigurationList = F9880B3B28B66A06006A4D77 /* Build configuration list for PBXNativeTarget "CascadiaCrossing" */;
			buildPhases = (
				F9880B1328B66A05006A4D77 /* Sources */,
				F9880B1428B66A05006A4D77 /* Frameworks */,
				F9880B1528B66A05006A4D77 /* Resources */,
			);
			buildRules = (
			);
			dependencies = (
			);
			name = CascadiaCrossing;
			packageProductDependencies = (
				F9BF75FA28BDAF50004CBD33 /* Logging */,
				F9BF75FD28BDAF67004CBD33 /* SwiftyXMLParser */,
			);
			productName = CascadiaCrossing;
			productReference = F9880B1728B66A05006A4D77 /* Crossing.app */;
			productType = "com.apple.product-type.application";
		};
		F9880B2628B66A05006A4D77 /* CascadiaCrossingTests */ = {
			isa = PBXNativeTarget;
			buildConfigurationList = F9880B3E28B66A06006A4D77 /* Build configuration list for PBXNativeTarget "CascadiaCrossingTests" */;
			buildPhases = (
				F9880B2328B66A05006A4D77 /* Sources */,
				F9880B2428B66A05006A4D77 /* Frameworks */,
				F9880B2528B66A05006A4D77 /* Resources */,
			);
			buildRules = (
			);
			dependencies = (
				F9880B2928B66A05006A4D77 /* PBXTargetDependency */,
			);
			name = CascadiaCrossingTests;
			productName = CascadiaCrossingTests;
			productReference = F9880B2728B66A05006A4D77 /* CascadiaCrossingTests.xctest */;
			productType = "com.apple.product-type.bundle.unit-test";
		};
		F9880B3028B66A06006A4D77 /* CascadiaCrossingUITests */ = {
			isa = PBXNativeTarget;
			buildConfigurationList = F9880B4128B66A06006A4D77 /* Build configuration list for PBXNativeTarget "CascadiaCrossingUITests" */;
			buildPhases = (
				F9880B2D28B66A06006A4D77 /* Sources */,
				F9880B2E28B66A06006A4D77 /* Frameworks */,
				F9880B2F28B66A06006A4D77 /* Resources */,
			);
			buildRules = (
			);
			dependencies = (
				F9880B3328B66A06006A4D77 /* PBXTargetDependency */,
			);
			name = CascadiaCrossingUITests;
			productName = CascadiaCrossingUITests;
			productReference = F9880B3128B66A06006A4D77 /* CascadiaCrossingUITests.xctest */;
			productType = "com.apple.product-type.bundle.ui-testing";
		};
/* End PBXNativeTarget section */

/* Begin PBXProject section */
		F9880B0F28B66A05006A4D77 /* Project object */ = {
			isa = PBXProject;
			attributes = {
				BuildIndependentTargetsInParallel = 1;
				LastSwiftUpdateCheck = 1340;
				LastUpgradeCheck = 1340;
				TargetAttributes = {
					F9880B1628B66A05006A4D77 = {
						CreatedOnToolsVersion = 13.4.1;
					};
					F9880B2628B66A05006A4D77 = {
						CreatedOnToolsVersion = 13.4.1;
						TestTargetID = F9880B1628B66A05006A4D77;
					};
					F9880B3028B66A06006A4D77 = {
						CreatedOnToolsVersion = 13.4.1;
						TestTargetID = F9880B1628B66A05006A4D77;
					};
				};
			};
			buildConfigurationList = F9880B1228B66A05006A4D77 /* Build configuration list for PBXProject "CascadiaCrossing" */;
			compatibilityVersion = "Xcode 13.0";
			developmentRegion = en;
			hasScannedForEncodings = 0;
			knownRegions = (
				en,
				Base,
			);
			mainGroup = F9880B0E28B66A05006A4D77;
			packageReferences = (
				F9BF75F928BDAF50004CBD33 /* XCRemoteSwiftPackageReference "swift-log" */,
				F9BF75FC28BDAF67004CBD33 /* XCRemoteSwiftPackageReference "SwiftyXMLParser" */,
			);
			productRefGroup = F9880B1828B66A05006A4D77 /* Products */;
			projectDirPath = "";
			projectRoot = "";
			targets = (
				F9880B1628B66A05006A4D77 /* CascadiaCrossing */,
				F9880B2628B66A05006A4D77 /* CascadiaCrossingTests */,
				F9880B3028B66A06006A4D77 /* CascadiaCrossingUITests */,
			);
		};
/* End PBXProject section */

/* Begin PBXResourcesBuildPhase section */
		F9880B1528B66A05006A4D77 /* Resources */ = {
			isa = PBXResourcesBuildPhase;
			buildActionMask = 2147483647;
			files = (
				F9184C0828C1332000A5FF59 /* Launch Screen.storyboard in Resources */,
				F9880B2228B66A05006A4D77 /* Preview Assets.xcassets in Resources */,
				F9880B1F28B66A05006A4D77 /* Assets.xcassets in Resources */,
			);
			runOnlyForDeploymentPostprocessing = 0;
		};
		F9880B2528B66A05006A4D77 /* Resources */ = {
			isa = PBXResourcesBuildPhase;
			buildActionMask = 2147483647;
			files = (
			);
			runOnlyForDeploymentPostprocessing = 0;
		};
		F9880B2F28B66A06006A4D77 /* Resources */ = {
			isa = PBXResourcesBuildPhase;
			buildActionMask = 2147483647;
			files = (
			);
			runOnlyForDeploymentPostprocessing = 0;
		};
/* End PBXResourcesBuildPhase section */

/* Begin PBXSourcesBuildPhase section */
		F9880B1328B66A05006A4D77 /* Sources */ = {
			isa = PBXSourcesBuildPhase;
			buildActionMask = 2147483647;
			files = (
				F9BF760428BEC47F004CBD33 /* Crossing.swift in Sources */,
				F9BF75F628BDAEEA004CBD33 /* MetricsViewModel.swift in Sources */,
				F9BF75F528BDAEEA004CBD33 /* MetricsView.swift in Sources */,
				F9880B1B28B66A05006A4D77 /* CascadiaCrossingApp.swift in Sources */,
				F9C2594E28C62E7300F7E72A /* Ports.swift in Sources */,
				F9C2594C28C626C200F7E72A /* SourceURLs.swift in Sources */,
				F9C2594A28C619AA00F7E72A /* Crossings.swift in Sources */,
				F9A5AB2F28C3AE7E00C6011A /* NetworkService.swift in Sources */,
				F9A5AB3128C3EB5C00C6011A /* AboutView.swift in Sources */,
				F9C2595028C631EA00F7E72A /* Coordinates.swift in Sources */,
			);
			runOnlyForDeploymentPostprocessing = 0;
		};
		F9880B2328B66A05006A4D77 /* Sources */ = {
			isa = PBXSourcesBuildPhase;
			buildActionMask = 2147483647;
			files = (
				F9880B2C28B66A05006A4D77 /* CascadiaCrossingTests.swift in Sources */,
			);
			runOnlyForDeploymentPostprocessing = 0;
		};
		F9880B2D28B66A06006A4D77 /* Sources */ = {
			isa = PBXSourcesBuildPhase;
			buildActionMask = 2147483647;
			files = (
				F9880B3628B66A06006A4D77 /* CascadiaCrossingUITests.swift in Sources */,
				F9880B3828B66A06006A4D77 /* CascadiaCrossingUITestsLaunchTests.swift in Sources */,
			);
			runOnlyForDeploymentPostprocessing = 0;
		};
/* End PBXSourcesBuildPhase section */

/* Begin PBXTargetDependency section */
		F9880B2928B66A05006A4D77 /* PBXTargetDependency */ = {
			isa = PBXTargetDependency;
			target = F9880B1628B66A05006A4D77 /* CascadiaCrossing */;
			targetProxy = F9880B2828B66A05006A4D77 /* PBXContainerItemProxy */;
		};
		F9880B3328B66A06006A4D77 /* PBXTargetDependency */ = {
			isa = PBXTargetDependency;
			target = F9880B1628B66A05006A4D77 /* CascadiaCrossing */;
			targetProxy = F9880B3228B66A06006A4D77 /* PBXContainerItemProxy */;
		};
/* End PBXTargetDependency section */

/* Begin XCBuildConfiguration section */
		F9880B3928B66A06006A4D77 /* Debug */ = {
			isa = XCBuildConfiguration;
			buildSettings = {
				ALWAYS_SEARCH_USER_PATHS = NO;
				CLANG_ANALYZER_NONNULL = YES;
				CLANG_ANALYZER_NUMBER_OBJECT_CONVERSION = YES_AGGRESSIVE;
				CLANG_CXX_LANGUAGE_STANDARD = "gnu++17";
				CLANG_ENABLE_MODULES = YES;
				CLANG_ENABLE_OBJC_ARC = YES;
				CLANG_ENABLE_OBJC_WEAK = YES;
				CLANG_WARN_BLOCK_CAPTURE_AUTORELEASING = YES;
				CLANG_WARN_BOOL_CONVERSION = YES;
				CLANG_WARN_COMMA = YES;
				CLANG_WARN_CONSTANT_CONVERSION = YES;
				CLANG_WARN_DEPRECATED_OBJC_IMPLEMENTATIONS = YES;
				CLANG_WARN_DIRECT_OBJC_ISA_USAGE = YES_ERROR;
				CLANG_WARN_DOCUMENTATION_COMMENTS = YES;
				CLANG_WARN_EMPTY_BODY = YES;
				CLANG_WARN_ENUM_CONVERSION = YES;
				CLANG_WARN_INFINITE_RECURSION = YES;
				CLANG_WARN_INT_CONVERSION = YES;
				CLANG_WARN_NON_LITERAL_NULL_CONVERSION = YES;
				CLANG_WARN_OBJC_IMPLICIT_RETAIN_SELF = YES;
				CLANG_WARN_OBJC_LITERAL_CONVERSION = YES;
				CLANG_WARN_OBJC_ROOT_CLASS = YES_ERROR;
				CLANG_WARN_QUOTED_INCLUDE_IN_FRAMEWORK_HEADER = YES;
				CLANG_WARN_RANGE_LOOP_ANALYSIS = YES;
				CLANG_WARN_STRICT_PROTOTYPES = YES;
				CLANG_WARN_SUSPICIOUS_MOVE = YES;
				CLANG_WARN_UNGUARDED_AVAILABILITY = YES_AGGRESSIVE;
				CLANG_WARN_UNREACHABLE_CODE = YES;
				CLANG_WARN__DUPLICATE_METHOD_MATCH = YES;
				COPY_PHASE_STRIP = NO;
				DEBUG_INFORMATION_FORMAT = dwarf;
				ENABLE_STRICT_OBJC_MSGSEND = YES;
				ENABLE_TESTABILITY = YES;
				GCC_C_LANGUAGE_STANDARD = gnu11;
				GCC_DYNAMIC_NO_PIC = NO;
				GCC_NO_COMMON_BLOCKS = YES;
				GCC_OPTIMIZATION_LEVEL = 0;
				GCC_PREPROCESSOR_DEFINITIONS = (
					"DEBUG=1",
					"$(inherited)",
				);
				GCC_WARN_64_TO_32_BIT_CONVERSION = YES;
				GCC_WARN_ABOUT_RETURN_TYPE = YES_ERROR;
				GCC_WARN_UNDECLARED_SELECTOR = YES;
				GCC_WARN_UNINITIALIZED_AUTOS = YES_AGGRESSIVE;
				GCC_WARN_UNUSED_FUNCTION = YES;
				GCC_WARN_UNUSED_VARIABLE = YES;
				IPHONEOS_DEPLOYMENT_TARGET = 15.5;
				MTL_ENABLE_DEBUG_INFO = INCLUDE_SOURCE;
				MTL_FAST_MATH = YES;
				ONLY_ACTIVE_ARCH = YES;
				SDKROOT = iphoneos;
				SWIFT_ACTIVE_COMPILATION_CONDITIONS = DEBUG;
				SWIFT_OPTIMIZATION_LEVEL = "-Onone";
			};
			name = Debug;
		};
		F9880B3A28B66A06006A4D77 /* Release */ = {
			isa = XCBuildConfiguration;
			buildSettings = {
				ALWAYS_SEARCH_USER_PATHS = NO;
				CLANG_ANALYZER_NONNULL = YES;
				CLANG_ANALYZER_NUMBER_OBJECT_CONVERSION = YES_AGGRESSIVE;
				CLANG_CXX_LANGUAGE_STANDARD = "gnu++17";
				CLANG_ENABLE_MODULES = YES;
				CLANG_ENABLE_OBJC_ARC = YES;
				CLANG_ENABLE_OBJC_WEAK = YES;
				CLANG_WARN_BLOCK_CAPTURE_AUTORELEASING = YES;
				CLANG_WARN_BOOL_CONVERSION = YES;
				CLANG_WARN_COMMA = YES;
				CLANG_WARN_CONSTANT_CONVERSION = YES;
				CLANG_WARN_DEPRECATED_OBJC_IMPLEMENTATIONS = YES;
				CLANG_WARN_DIRECT_OBJC_ISA_USAGE = YES_ERROR;
				CLANG_WARN_DOCUMENTATION_COMMENTS = YES;
				CLANG_WARN_EMPTY_BODY = YES;
				CLANG_WARN_ENUM_CONVERSION = YES;
				CLANG_WARN_INFINITE_RECURSION = YES;
				CLANG_WARN_INT_CONVERSION = YES;
				CLANG_WARN_NON_LITERAL_NULL_CONVERSION = YES;
				CLANG_WARN_OBJC_IMPLICIT_RETAIN_SELF = YES;
				CLANG_WARN_OBJC_LITERAL_CONVERSION = YES;
				CLANG_WARN_OBJC_ROOT_CLASS = YES_ERROR;
				CLANG_WARN_QUOTED_INCLUDE_IN_FRAMEWORK_HEADER = YES;
				CLANG_WARN_RANGE_LOOP_ANALYSIS = YES;
				CLANG_WARN_STRICT_PROTOTYPES = YES;
				CLANG_WARN_SUSPICIOUS_MOVE = YES;
				CLANG_WARN_UNGUARDED_AVAILABILITY = YES_AGGRESSIVE;
				CLANG_WARN_UNREACHABLE_CODE = YES;
				CLANG_WARN__DUPLICATE_METHOD_MATCH = YES;
				COPY_PHASE_STRIP = NO;
				DEBUG_INFORMATION_FORMAT = "dwarf-with-dsym";
				ENABLE_NS_ASSERTIONS = NO;
				ENABLE_STRICT_OBJC_MSGSEND = YES;
				GCC_C_LANGUAGE_STANDARD = gnu11;
				GCC_NO_COMMON_BLOCKS = YES;
				GCC_WARN_64_TO_32_BIT_CONVERSION = YES;
				GCC_WARN_ABOUT_RETURN_TYPE = YES_ERROR;
				GCC_WARN_UNDECLARED_SELECTOR = YES;
				GCC_WARN_UNINITIALIZED_AUTOS = YES_AGGRESSIVE;
				GCC_WARN_UNUSED_FUNCTION = YES;
				GCC_WARN_UNUSED_VARIABLE = YES;
				IPHONEOS_DEPLOYMENT_TARGET = 15.5;
				MTL_ENABLE_DEBUG_INFO = NO;
				MTL_FAST_MATH = YES;
				SDKROOT = iphoneos;
				SWIFT_COMPILATION_MODE = wholemodule;
				SWIFT_OPTIMIZATION_LEVEL = "-O";
				VALIDATE_PRODUCT = YES;
			};
			name = Release;
		};
		F9880B3C28B66A06006A4D77 /* Debug */ = {
			isa = XCBuildConfiguration;
			buildSettings = {
				ASSETCATALOG_COMPILER_APPICON_NAME = AppIcon;
				ASSETCATALOG_COMPILER_GLOBAL_ACCENT_COLOR_NAME = AccentColor;
				CODE_SIGN_STYLE = Automatic;
				CURRENT_PROJECT_VERSION = 1;
				DEVELOPMENT_ASSET_PATHS = "\"CascadiaCrossing/Preview Content\"";
				DEVELOPMENT_TEAM = MZB6K32T86;
				ENABLE_PREVIEWS = YES;
				GENERATE_INFOPLIST_FILE = YES;
				INFOPLIST_FILE = CascadiaCrossing/Info.plist;
				INFOPLIST_KEY_CFBundleDisplayName = CascadiaXing;
				INFOPLIST_KEY_UIApplicationSceneManifest_Generation = YES;
				INFOPLIST_KEY_UIApplicationSupportsIndirectInputEvents = YES;
				INFOPLIST_KEY_UILaunchScreen_Generation = YES;
				INFOPLIST_KEY_UILaunchStoryboardName = "Launch Screen";
				INFOPLIST_KEY_UISupportedInterfaceOrientations = UIInterfaceOrientationPortrait;
				INFOPLIST_KEY_UISupportedInterfaceOrientations_iPhone = UIInterfaceOrientationPortrait;
				LD_RUNPATH_SEARCH_PATHS = (
					"$(inherited)",
					"@executable_path/Frameworks",
				);
				MARKETING_VERSION = 1.0.2;
				PRODUCT_BUNDLE_IDENTIFIER = net.randomnoise.CascadiaCrossing;
				PRODUCT_NAME = Crossing;
				SWIFT_EMIT_LOC_STRINGS = YES;
				SWIFT_VERSION = 5.0;
				TARGETED_DEVICE_FAMILY = 1;
			};
			name = Debug;
		};
		F9880B3D28B66A06006A4D77 /* Release */ = {
			isa = XCBuildConfiguration;
			buildSettings = {
				ASSETCATALOG_COMPILER_APPICON_NAME = AppIcon;
				ASSETCATALOG_COMPILER_GLOBAL_ACCENT_COLOR_NAME = AccentColor;
				CODE_SIGN_STYLE = Automatic;
				CURRENT_PROJECT_VERSION = 1;
				DEVELOPMENT_ASSET_PATHS = "\"CascadiaCrossing/Preview Content\"";
				DEVELOPMENT_TEAM = MZB6K32T86;
				ENABLE_PREVIEWS = YES;
				GENERATE_INFOPLIST_FILE = YES;
				INFOPLIST_FILE = CascadiaCrossing/Info.plist;
				INFOPLIST_KEY_CFBundleDisplayName = CascadiaXing;
				INFOPLIST_KEY_UIApplicationSceneManifest_Generation = YES;
				INFOPLIST_KEY_UIApplicationSupportsIndirectInputEvents = YES;
				INFOPLIST_KEY_UILaunchScreen_Generation = YES;
				INFOPLIST_KEY_UILaunchStoryboardName = "Launch Screen";
				INFOPLIST_KEY_UISupportedInterfaceOrientations = UIInterfaceOrientationPortrait;
				INFOPLIST_KEY_UISupportedInterfaceOrientations_iPhone = UIInterfaceOrientationPortrait;
				LD_RUNPATH_SEARCH_PATHS = (
					"$(inherited)",
					"@executable_path/Frameworks",
				);
				MARKETING_VERSION = 1.0.2;
				PRODUCT_BUNDLE_IDENTIFIER = net.randomnoise.CascadiaCrossing;
				PRODUCT_NAME = Crossing;
				SWIFT_EMIT_LOC_STRINGS = YES;
				SWIFT_VERSION = 5.0;
				TARGETED_DEVICE_FAMILY = 1;
			};
			name = Release;
		};
		F9880B3F28B66A06006A4D77 /* Debug */ = {
			isa = XCBuildConfiguration;
			buildSettings = {
				ALWAYS_EMBED_SWIFT_STANDARD_LIBRARIES = YES;
				BUNDLE_LOADER = "$(TEST_HOST)";
				CODE_SIGN_STYLE = Automatic;
				CURRENT_PROJECT_VERSION = 1;
				DEVELOPMENT_TEAM = MZB6K32T86;
				GENERATE_INFOPLIST_FILE = YES;
				IPHONEOS_DEPLOYMENT_TARGET = 15.5;
				MARKETING_VERSION = 1.0;
				PRODUCT_BUNDLE_IDENTIFIER = net.randomnoise.CascadiaCrossingTests;
				PRODUCT_NAME = "$(TARGET_NAME)";
				SWIFT_EMIT_LOC_STRINGS = NO;
				SWIFT_VERSION = 5.0;
				TARGETED_DEVICE_FAMILY = "1,2";
				TEST_HOST = "$(BUILT_PRODUCTS_DIR)/CascadiaCrossing.app/CascadiaCrossing";
			};
			name = Debug;
		};
		F9880B4028B66A06006A4D77 /* Release */ = {
			isa = XCBuildConfiguration;
			buildSettings = {
				ALWAYS_EMBED_SWIFT_STANDARD_LIBRARIES = YES;
				BUNDLE_LOADER = "$(TEST_HOST)";
				CODE_SIGN_STYLE = Automatic;
				CURRENT_PROJECT_VERSION = 1;
				DEVELOPMENT_TEAM = MZB6K32T86;
				GENERATE_INFOPLIST_FILE = YES;
				IPHONEOS_DEPLOYMENT_TARGET = 15.5;
				MARKETING_VERSION = 1.0;
				PRODUCT_BUNDLE_IDENTIFIER = net.randomnoise.CascadiaCrossingTests;
				PRODUCT_NAME = "$(TARGET_NAME)";
				SWIFT_EMIT_LOC_STRINGS = NO;
				SWIFT_VERSION = 5.0;
				TARGETED_DEVICE_FAMILY = "1,2";
				TEST_HOST = "$(BUILT_PRODUCTS_DIR)/CascadiaCrossing.app/CascadiaCrossing";
			};
			name = Release;
		};
		F9880B4228B66A06006A4D77 /* Debug */ = {
			isa = XCBuildConfiguration;
			buildSettings = {
				ALWAYS_EMBED_SWIFT_STANDARD_LIBRARIES = YES;
				CODE_SIGN_STYLE = Automatic;
				CURRENT_PROJECT_VERSION = 1;
				DEVELOPMENT_TEAM = MZB6K32T86;
				GENERATE_INFOPLIST_FILE = YES;
				MARKETING_VERSION = 1.0;
				PRODUCT_BUNDLE_IDENTIFIER = net.randomnoise.CascadiaCrossingUITests;
				PRODUCT_NAME = "$(TARGET_NAME)";
				SWIFT_EMIT_LOC_STRINGS = NO;
				SWIFT_VERSION = 5.0;
				TARGETED_DEVICE_FAMILY = "1,2";
				TEST_TARGET_NAME = CascadiaCrossing;
			};
			name = Debug;
		};
		F9880B4328B66A06006A4D77 /* Release */ = {
			isa = XCBuildConfiguration;
			buildSettings = {
				ALWAYS_EMBED_SWIFT_STANDARD_LIBRARIES = YES;
				CODE_SIGN_STYLE = Automatic;
				CURRENT_PROJECT_VERSION = 1;
				DEVELOPMENT_TEAM = MZB6K32T86;
				GENERATE_INFOPLIST_FILE = YES;
				MARKETING_VERSION = 1.0;
				PRODUCT_BUNDLE_IDENTIFIER = net.randomnoise.CascadiaCrossingUITests;
				PRODUCT_NAME = "$(TARGET_NAME)";
				SWIFT_EMIT_LOC_STRINGS = NO;
				SWIFT_VERSION = 5.0;
				TARGETED_DEVICE_FAMILY = "1,2";
				TEST_TARGET_NAME = CascadiaCrossing;
			};
			name = Release;
		};
/* End XCBuildConfiguration section */

/* Begin XCConfigurationList section */
		F9880B1228B66A05006A4D77 /* Build configuration list for PBXProject "CascadiaCrossing" */ = {
			isa = XCConfigurationList;
			buildConfigurations = (
				F9880B3928B66A06006A4D77 /* Debug */,
				F9880B3A28B66A06006A4D77 /* Release */,
			);
			defaultConfigurationIsVisible = 0;
			defaultConfigurationName = Release;
		};
		F9880B3B28B66A06006A4D77 /* Build configuration list for PBXNativeTarget "CascadiaCrossing" */ = {
			isa = XCConfigurationList;
			buildConfigurations = (
				F9880B3C28B66A06006A4D77 /* Debug */,
				F9880B3D28B66A06006A4D77 /* Release */,
			);
			defaultConfigurationIsVisible = 0;
			defaultConfigurationName = Release;
		};
		F9880B3E28B66A06006A4D77 /* Build configuration list for PBXNativeTarget "CascadiaCrossingTests" */ = {
			isa = XCConfigurationList;
			buildConfigurations = (
				F9880B3F28B66A06006A4D77 /* Debug */,
				F9880B4028B66A06006A4D77 /* Release */,
			);
			defaultConfigurationIsVisible = 0;
			defaultConfigurationName = Release;
		};
		F9880B4128B66A06006A4D77 /* Build configuration list for PBXNativeTarget "CascadiaCrossingUITests" */ = {
			isa = XCConfigurationList;
			buildConfigurations = (
				F9880B4228B66A06006A4D77 /* Debug */,
				F9880B4328B66A06006A4D77 /* Release */,
			);
			defaultConfigurationIsVisible = 0;
			defaultConfigurationName = Release;
		};
/* End XCConfigurationList section */

/* Begin XCRemoteSwiftPackageReference section */
		F9BF75F928BDAF50004CBD33 /* XCRemoteSwiftPackageReference "swift-log" */ = {
			isa = XCRemoteSwiftPackageReference;
			repositoryURL = "https://github.com/apple/swift-log.git";
			requirement = {
				kind = upToNextMajorVersion;
				minimumVersion = 1.0.0;
			};
		};
		F9BF75FC28BDAF67004CBD33 /* XCRemoteSwiftPackageReference "SwiftyXMLParser" */ = {
			isa = XCRemoteSwiftPackageReference;
			repositoryURL = "https://github.com/yahoojapan/SwiftyXMLParser.git";
			requirement = {
				kind = upToNextMajorVersion;
				minimumVersion = 5.0.0;
			};
		};
/* End XCRemoteSwiftPackageReference section */

/* Begin XCSwiftPackageProductDependency section */
		F9BF75FA28BDAF50004CBD33 /* Logging */ = {
			isa = XCSwiftPackageProductDependency;
			package = F9BF75F928BDAF50004CBD33 /* XCRemoteSwiftPackageReference "swift-log" */;
			productName = Logging;
		};
		F9BF75FD28BDAF67004CBD33 /* SwiftyXMLParser */ = {
			isa = XCSwiftPackageProductDependency;
			package = F9BF75FC28BDAF67004CBD33 /* XCRemoteSwiftPackageReference "SwiftyXMLParser" */;
			productName = SwiftyXMLParser;
		};
/* End XCSwiftPackageProductDependency section */
	};
	rootObject = F9880B0F28B66A05006A4D77 /* Project object */;
}
